// !$*UTF8*$!
{
	archiveVersion = 1;
	classes = {
	};
	objectVersion = 55;
	objects = {

/* Begin PBXBuildFile section */
		D7065A742763E46D005A8AA8 /* Tests_iOS.swift in Sources */ = {isa = PBXBuildFile; fileRef = D7065A732763E46D005A8AA8 /* Tests_iOS.swift */; };
		D7065A762763E46D005A8AA8 /* Tests_iOSLaunchTests.swift in Sources */ = {isa = PBXBuildFile; fileRef = D7065A752763E46D005A8AA8 /* Tests_iOSLaunchTests.swift */; };
		D7065A802763E46D005A8AA8 /* Tests_macOS.swift in Sources */ = {isa = PBXBuildFile; fileRef = D7065A7F2763E46D005A8AA8 /* Tests_macOS.swift */; };
		D7065A822763E46D005A8AA8 /* Tests_macOSLaunchTests.swift in Sources */ = {isa = PBXBuildFile; fileRef = D7065A812763E46D005A8AA8 /* Tests_macOSLaunchTests.swift */; };
		D7065A832763E46D005A8AA8 /* UnicoCampaniaApp.swift in Sources */ = {isa = PBXBuildFile; fileRef = D7065A5B2763E46B005A8AA8 /* UnicoCampaniaApp.swift */; };
		D7065A842763E46D005A8AA8 /* UnicoCampaniaApp.swift in Sources */ = {isa = PBXBuildFile; fileRef = D7065A5B2763E46B005A8AA8 /* UnicoCampaniaApp.swift */; };
		D7065A872763E46D005A8AA8 /* Assets.xcassets in Resources */ = {isa = PBXBuildFile; fileRef = D7065A5D2763E46D005A8AA8 /* Assets.xcassets */; };
		D7065A882763E46D005A8AA8 /* Assets.xcassets in Resources */ = {isa = PBXBuildFile; fileRef = D7065A5D2763E46D005A8AA8 /* Assets.xcassets */; };
		D7065A982763EBD6005A8AA8 /* Color.xcassets in Resources */ = {isa = PBXBuildFile; fileRef = D7065A972763EBD6005A8AA8 /* Color.xcassets */; };
		D7065A992763EBD6005A8AA8 /* Color.xcassets in Resources */ = {isa = PBXBuildFile; fileRef = D7065A972763EBD6005A8AA8 /* Color.xcassets */; };
		D7065A9E2763F009005A8AA8 /* UnicoCampania.swift in Sources */ = {isa = PBXBuildFile; fileRef = D7065A9D2763F008005A8AA8 /* UnicoCampania.swift */; };
		D7065A9F2763F009005A8AA8 /* UnicoCampania.swift in Sources */ = {isa = PBXBuildFile; fileRef = D7065A9D2763F008005A8AA8 /* UnicoCampania.swift */; };
		D7065AA42763F446005A8AA8 /* Extension.swift in Sources */ = {isa = PBXBuildFile; fileRef = D7065AA32763F446005A8AA8 /* Extension.swift */; };
		D7065AA52763F446005A8AA8 /* Extension.swift in Sources */ = {isa = PBXBuildFile; fileRef = D7065AA32763F446005A8AA8 /* Extension.swift */; };
		D7065AAC2764BC27005A8AA8 /* RoundedCornersShape.swift in Sources */ = {isa = PBXBuildFile; fileRef = D7065AAB2764BC27005A8AA8 /* RoundedCornersShape.swift */; };
		D7065AAD2764BC27005A8AA8 /* RoundedCornersShape.swift in Sources */ = {isa = PBXBuildFile; fileRef = D7065AAB2764BC27005A8AA8 /* RoundedCornersShape.swift */; };
		D724743D27653093009A27F6 /* TicketsView.swift in Sources */ = {isa = PBXBuildFile; fileRef = D724743C27653093009A27F6 /* TicketsView.swift */; };
		D724743E27653093009A27F6 /* TicketsView.swift in Sources */ = {isa = PBXBuildFile; fileRef = D724743C27653093009A27F6 /* TicketsView.swift */; };
		D7247444276565B9009A27F6 /* SF-Pro-Text-Bold.otf in Resources */ = {isa = PBXBuildFile; fileRef = D7247443276565B9009A27F6 /* SF-Pro-Text-Bold.otf */; };
		D7247445276565B9009A27F6 /* SF-Pro-Text-Bold.otf in Resources */ = {isa = PBXBuildFile; fileRef = D7247443276565B9009A27F6 /* SF-Pro-Text-Bold.otf */; };
		D724744827656808009A27F6 /* SF-Pro-Text-Regular.otf in Resources */ = {isa = PBXBuildFile; fileRef = D724744727656808009A27F6 /* SF-Pro-Text-Regular.otf */; };
		D724744927656808009A27F6 /* SF-Pro-Text-Regular.otf in Resources */ = {isa = PBXBuildFile; fileRef = D724744727656808009A27F6 /* SF-Pro-Text-Regular.otf */; };
		D724744A276568FD009A27F6 /* SF-Pro-Text-Regular.otf in Resources */ = {isa = PBXBuildFile; fileRef = D724744727656808009A27F6 /* SF-Pro-Text-Regular.otf */; };
		D724744B276568FD009A27F6 /* SF-Pro-Text-Regular.otf in Resources */ = {isa = PBXBuildFile; fileRef = D724744727656808009A27F6 /* SF-Pro-Text-Regular.otf */; };
		D724744D2765FC32009A27F6 /* ActiveTicketsView.swift in Sources */ = {isa = PBXBuildFile; fileRef = D724744C2765FC32009A27F6 /* ActiveTicketsView.swift */; };
		D724744E2765FC32009A27F6 /* ActiveTicketsView.swift in Sources */ = {isa = PBXBuildFile; fileRef = D724744C2765FC32009A27F6 /* ActiveTicketsView.swift */; };
		D72474502765FFBC009A27F6 /* InactiveTicketsView.swift in Sources */ = {isa = PBXBuildFile; fileRef = D724744F2765FFBC009A27F6 /* InactiveTicketsView.swift */; };
		D72474512765FFBC009A27F6 /* InactiveTicketsView.swift in Sources */ = {isa = PBXBuildFile; fileRef = D724744F2765FFBC009A27F6 /* InactiveTicketsView.swift */; };
		D72474542766111F009A27F6 /* FullActiveTicketCardView.swift in Sources */ = {isa = PBXBuildFile; fileRef = D72474532766111F009A27F6 /* FullActiveTicketCardView.swift */; };
		D72474552766111F009A27F6 /* FullActiveTicketCardView.swift in Sources */ = {isa = PBXBuildFile; fileRef = D72474532766111F009A27F6 /* FullActiveTicketCardView.swift */; };
		D7648B10276B7B17007D5AE2 /* FullInactiveTicketCardView.swift in Sources */ = {isa = PBXBuildFile; fileRef = D7648B0F276B7B17007D5AE2 /* FullInactiveTicketCardView.swift */; };
		D7648B11276B7B17007D5AE2 /* FullInactiveTicketCardView.swift in Sources */ = {isa = PBXBuildFile; fileRef = D7648B0F276B7B17007D5AE2 /* FullInactiveTicketCardView.swift */; };
		D7A0E9982767E60700B19DC2 /* UnicoCampaniaViewModel.swift in Sources */ = {isa = PBXBuildFile; fileRef = D7A0E9972767E60700B19DC2 /* UnicoCampaniaViewModel.swift */; };
		D7A0E9992767E60700B19DC2 /* UnicoCampaniaViewModel.swift in Sources */ = {isa = PBXBuildFile; fileRef = D7A0E9972767E60700B19DC2 /* UnicoCampaniaViewModel.swift */; };
		D7A0E99E27680EFE00B19DC2 /* TabsView.swift in Sources */ = {isa = PBXBuildFile; fileRef = D7A0E99D27680EFE00B19DC2 /* TabsView.swift */; };
		D7A0E99F27680EFE00B19DC2 /* TabsView.swift in Sources */ = {isa = PBXBuildFile; fileRef = D7A0E99D27680EFE00B19DC2 /* TabsView.swift */; };
		D7F315A62769FE7900855171 /* TicketCard.swift in Sources */ = {isa = PBXBuildFile; fileRef = D7F315A52769FE7900855171 /* TicketCard.swift */; };
		D7F315A72769FE7900855171 /* TicketCard.swift in Sources */ = {isa = PBXBuildFile; fileRef = D7F315A52769FE7900855171 /* TicketCard.swift */; };
/* End PBXBuildFile section */

/* Begin PBXContainerItemProxy section */
		D7065A702763E46D005A8AA8 /* PBXContainerItemProxy */ = {
			isa = PBXContainerItemProxy;
			containerPortal = D7065A562763E46B005A8AA8 /* Project object */;
			proxyType = 1;
			remoteGlobalIDString = D7065A612763E46D005A8AA8;
			remoteInfo = "UnicoCampania (iOS)";
		};
		D7065A7C2763E46D005A8AA8 /* PBXContainerItemProxy */ = {
			isa = PBXContainerItemProxy;
			containerPortal = D7065A562763E46B005A8AA8 /* Project object */;
			proxyType = 1;
			remoteGlobalIDString = D7065A672763E46D005A8AA8;
			remoteInfo = "UnicoCampania (macOS)";
		};
/* End PBXContainerItemProxy section */

/* Begin PBXFileReference section */
		D7065A5B2763E46B005A8AA8 /* UnicoCampaniaApp.swift */ = {isa = PBXFileReference; lastKnownFileType = sourcecode.swift; path = UnicoCampaniaApp.swift; sourceTree = "<group>"; };
		D7065A5D2763E46D005A8AA8 /* Assets.xcassets */ = {isa = PBXFileReference; lastKnownFileType = folder.assetcatalog; path = Assets.xcassets; sourceTree = "<group>"; };
		D7065A622763E46D005A8AA8 /* UnicoCampania.app */ = {isa = PBXFileReference; explicitFileType = wrapper.application; includeInIndex = 0; path = UnicoCampania.app; sourceTree = BUILT_PRODUCTS_DIR; };
		D7065A682763E46D005A8AA8 /* UnicoCampania.app */ = {isa = PBXFileReference; explicitFileType = wrapper.application; includeInIndex = 0; path = UnicoCampania.app; sourceTree = BUILT_PRODUCTS_DIR; };
		D7065A6A2763E46D005A8AA8 /* macOS.entitlements */ = {isa = PBXFileReference; lastKnownFileType = text.plist.entitlements; path = macOS.entitlements; sourceTree = "<group>"; };
		D7065A6F2763E46D005A8AA8 /* Tests iOS.xctest */ = {isa = PBXFileReference; explicitFileType = wrapper.cfbundle; includeInIndex = 0; path = "Tests iOS.xctest"; sourceTree = BUILT_PRODUCTS_DIR; };
		D7065A732763E46D005A8AA8 /* Tests_iOS.swift */ = {isa = PBXFileReference; lastKnownFileType = sourcecode.swift; path = Tests_iOS.swift; sourceTree = "<group>"; };
		D7065A752763E46D005A8AA8 /* Tests_iOSLaunchTests.swift */ = {isa = PBXFileReference; lastKnownFileType = sourcecode.swift; path = Tests_iOSLaunchTests.swift; sourceTree = "<group>"; };
		D7065A7B2763E46D005A8AA8 /* Tests macOS.xctest */ = {isa = PBXFileReference; explicitFileType = wrapper.cfbundle; includeInIndex = 0; path = "Tests macOS.xctest"; sourceTree = BUILT_PRODUCTS_DIR; };
		D7065A7F2763E46D005A8AA8 /* Tests_macOS.swift */ = {isa = PBXFileReference; lastKnownFileType = sourcecode.swift; path = Tests_macOS.swift; sourceTree = "<group>"; };
		D7065A812763E46D005A8AA8 /* Tests_macOSLaunchTests.swift */ = {isa = PBXFileReference; lastKnownFileType = sourcecode.swift; path = Tests_macOSLaunchTests.swift; sourceTree = "<group>"; };
		D7065A972763EBD6005A8AA8 /* Color.xcassets */ = {isa = PBXFileReference; lastKnownFileType = folder.assetcatalog; path = Color.xcassets; sourceTree = "<group>"; };
		D7065A9D2763F008005A8AA8 /* UnicoCampania.swift */ = {isa = PBXFileReference; lastKnownFileType = sourcecode.swift; path = UnicoCampania.swift; sourceTree = "<group>"; };
		D7065AA32763F446005A8AA8 /* Extension.swift */ = {isa = PBXFileReference; lastKnownFileType = sourcecode.swift; path = Extension.swift; sourceTree = "<group>"; };
		D7065AAB2764BC27005A8AA8 /* RoundedCornersShape.swift */ = {isa = PBXFileReference; lastKnownFileType = sourcecode.swift; path = RoundedCornersShape.swift; sourceTree = "<group>"; };
		D724743C27653093009A27F6 /* TicketsView.swift */ = {isa = PBXFileReference; lastKnownFileType = sourcecode.swift; path = TicketsView.swift; sourceTree = "<group>"; };
		D7247443276565B9009A27F6 /* SF-Pro-Text-Bold.otf */ = {isa = PBXFileReference; lastKnownFileType = file; path = "SF-Pro-Text-Bold.otf"; sourceTree = "<group>"; };
		D7247446276566D3009A27F6 /* UnicoCampania--iOS--Info.plist */ = {isa = PBXFileReference; lastKnownFileType = text.plist; path = "UnicoCampania--iOS--Info.plist"; sourceTree = "<group>"; };
		D724744727656808009A27F6 /* SF-Pro-Text-Regular.otf */ = {isa = PBXFileReference; lastKnownFileType = file; path = "SF-Pro-Text-Regular.otf"; sourceTree = "<group>"; };
		D724744C2765FC32009A27F6 /* ActiveTicketsView.swift */ = {isa = PBXFileReference; lastKnownFileType = sourcecode.swift; path = ActiveTicketsView.swift; sourceTree = "<group>"; };
		D724744F2765FFBC009A27F6 /* InactiveTicketsView.swift */ = {isa = PBXFileReference; lastKnownFileType = sourcecode.swift; path = InactiveTicketsView.swift; sourceTree = "<group>"; };
		D72474532766111F009A27F6 /* FullActiveTicketCardView.swift */ = {isa = PBXFileReference; lastKnownFileType = sourcecode.swift; path = FullActiveTicketCardView.swift; sourceTree = "<group>"; };
		D7648B0F276B7B17007D5AE2 /* FullInactiveTicketCardView.swift */ = {isa = PBXFileReference; lastKnownFileType = sourcecode.swift; path = FullInactiveTicketCardView.swift; sourceTree = "<group>"; };
		D7A0E9972767E60700B19DC2 /* UnicoCampaniaViewModel.swift */ = {isa = PBXFileReference; lastKnownFileType = sourcecode.swift; path = UnicoCampaniaViewModel.swift; sourceTree = "<group>"; };
		D7A0E99D27680EFE00B19DC2 /* TabsView.swift */ = {isa = PBXFileReference; lastKnownFileType = sourcecode.swift; path = TabsView.swift; sourceTree = "<group>"; };
		D7F315A52769FE7900855171 /* TicketCard.swift */ = {isa = PBXFileReference; lastKnownFileType = sourcecode.swift; path = TicketCard.swift; sourceTree = "<group>"; };
/* End PBXFileReference section */

/* Begin PBXFrameworksBuildPhase section */
		D7065A5F2763E46D005A8AA8 /* Frameworks */ = {
			isa = PBXFrameworksBuildPhase;
			buildActionMask = 2147483647;
			files = (
			);
			runOnlyForDeploymentPostprocessing = 0;
		};
		D7065A652763E46D005A8AA8 /* Frameworks */ = {
			isa = PBXFrameworksBuildPhase;
			buildActionMask = 2147483647;
			files = (
			);
			runOnlyForDeploymentPostprocessing = 0;
		};
		D7065A6C2763E46D005A8AA8 /* Frameworks */ = {
			isa = PBXFrameworksBuildPhase;
			buildActionMask = 2147483647;
			files = (
			);
			runOnlyForDeploymentPostprocessing = 0;
		};
		D7065A782763E46D005A8AA8 /* Frameworks */ = {
			isa = PBXFrameworksBuildPhase;
			buildActionMask = 2147483647;
			files = (
			);
			runOnlyForDeploymentPostprocessing = 0;
		};
/* End PBXFrameworksBuildPhase section */

/* Begin PBXGroup section */
		D7065A552763E46B005A8AA8 = {
			isa = PBXGroup;
			children = (
				D7247446276566D3009A27F6 /* UnicoCampania--iOS--Info.plist */,
				D7065A5B2763E46B005A8AA8 /* UnicoCampaniaApp.swift */,
				D7247442276565A3009A27F6 /* Fonts */,
				D7065AAA2764BBF6005A8AA8 /* Utilities */,
				D7065A5A2763E46B005A8AA8 /* View */,
				D7065AA62763F769005A8AA8 /* Model */,
				D7065A972763EBD6005A8AA8 /* Color.xcassets */,
				D7065A5D2763E46D005A8AA8 /* Assets.xcassets */,
				D7065A692763E46D005A8AA8 /* macOS */,
				D7065A722763E46D005A8AA8 /* Tests iOS */,
				D7065A632763E46D005A8AA8 /* Products */,
			);
			sourceTree = "<group>";
		};
		D7065A5A2763E46B005A8AA8 /* View */ = {
			isa = PBXGroup;
			children = (
				D7A0E99D27680EFE00B19DC2 /* TabsView.swift */,
				D724745227660FEE009A27F6 /* TicketsView */,
			);
			path = View;
			sourceTree = "<group>";
		};
		D7065A632763E46D005A8AA8 /* Products */ = {
			isa = PBXGroup;
			children = (
				D7065A622763E46D005A8AA8 /* UnicoCampania.app */,
				D7065A682763E46D005A8AA8 /* UnicoCampania.app */,
				D7065A6F2763E46D005A8AA8 /* Tests iOS.xctest */,
				D7065A7B2763E46D005A8AA8 /* Tests macOS.xctest */,
			);
			name = Products;
			sourceTree = "<group>";
		};
		D7065A692763E46D005A8AA8 /* macOS */ = {
			isa = PBXGroup;
			children = (
				D7065A7E2763E46D005A8AA8 /* Tests macOS */,
				D7065A6A2763E46D005A8AA8 /* macOS.entitlements */,
			);
			path = macOS;
			sourceTree = "<group>";
		};
		D7065A722763E46D005A8AA8 /* Tests iOS */ = {
			isa = PBXGroup;
			children = (
				D7065A732763E46D005A8AA8 /* Tests_iOS.swift */,
				D7065A752763E46D005A8AA8 /* Tests_iOSLaunchTests.swift */,
			);
			path = "Tests iOS";
			sourceTree = "<group>";
		};
		D7065A7E2763E46D005A8AA8 /* Tests macOS */ = {
			isa = PBXGroup;
			children = (
				D7065A7F2763E46D005A8AA8 /* Tests_macOS.swift */,
				D7065A812763E46D005A8AA8 /* Tests_macOSLaunchTests.swift */,
			);
			path = "Tests macOS";
			sourceTree = "<group>";
		};
		D7065AA62763F769005A8AA8 /* Model */ = {
			isa = PBXGroup;
			children = (
				D7A0E9972767E60700B19DC2 /* UnicoCampaniaViewModel.swift */,
				D7065A9D2763F008005A8AA8 /* UnicoCampania.swift */,
			);
			path = Model;
			sourceTree = "<group>";
		};
		D7065AAA2764BBF6005A8AA8 /* Utilities */ = {
			isa = PBXGroup;
			children = (
				D7065AA32763F446005A8AA8 /* Extension.swift */,
				D7065AAB2764BC27005A8AA8 /* RoundedCornersShape.swift */,
			);
			path = Utilities;
			sourceTree = "<group>";
		};
		D7247442276565A3009A27F6 /* Fonts */ = {
			isa = PBXGroup;
			children = (
				D724744727656808009A27F6 /* SF-Pro-Text-Regular.otf */,
				D7247443276565B9009A27F6 /* SF-Pro-Text-Bold.otf */,
			);
			path = Fonts;
			sourceTree = "<group>";
		};
		D724745227660FEE009A27F6 /* TicketsView */ = {
			isa = PBXGroup;
			children = (
				D724743C27653093009A27F6 /* TicketsView.swift */,
				D724744C2765FC32009A27F6 /* ActiveTicketsView.swift */,
				D724744F2765FFBC009A27F6 /* InactiveTicketsView.swift */,
				D7F315A52769FE7900855171 /* TicketCard.swift */,
				D72474532766111F009A27F6 /* FullActiveTicketCardView.swift */,
				D7648B0F276B7B17007D5AE2 /* FullInactiveTicketCardView.swift */,
			);
			path = TicketsView;
			sourceTree = "<group>";
		};
/* End PBXGroup section */

/* Begin PBXNativeTarget section */
		D7065A612763E46D005A8AA8 /* UnicoCampania (iOS) */ = {
			isa = PBXNativeTarget;
			buildConfigurationList = D7065A8B2763E46D005A8AA8 /* Build configuration list for PBXNativeTarget "UnicoCampania (iOS)" */;
			buildPhases = (
				D7065A5E2763E46D005A8AA8 /* Sources */,
				D7065A5F2763E46D005A8AA8 /* Frameworks */,
				D7065A602763E46D005A8AA8 /* Resources */,
			);
			buildRules = (
			);
			dependencies = (
			);
			name = "UnicoCampania (iOS)";
			productName = "UnicoCampania (iOS)";
			productReference = D7065A622763E46D005A8AA8 /* UnicoCampania.app */;
			productType = "com.apple.product-type.application";
		};
		D7065A672763E46D005A8AA8 /* UnicoCampania (macOS) */ = {
			isa = PBXNativeTarget;
			buildConfigurationList = D7065A8E2763E46D005A8AA8 /* Build configuration list for PBXNativeTarget "UnicoCampania (macOS)" */;
			buildPhases = (
				D7065A642763E46D005A8AA8 /* Sources */,
				D7065A652763E46D005A8AA8 /* Frameworks */,
				D7065A662763E46D005A8AA8 /* Resources */,
			);
			buildRules = (
			);
			dependencies = (
			);
			name = "UnicoCampania (macOS)";
			productName = "UnicoCampania (macOS)";
			productReference = D7065A682763E46D005A8AA8 /* UnicoCampania.app */;
			productType = "com.apple.product-type.application";
		};
		D7065A6E2763E46D005A8AA8 /* Tests iOS */ = {
			isa = PBXNativeTarget;
			buildConfigurationList = D7065A912763E46D005A8AA8 /* Build configuration list for PBXNativeTarget "Tests iOS" */;
			buildPhases = (
				D7065A6B2763E46D005A8AA8 /* Sources */,
				D7065A6C2763E46D005A8AA8 /* Frameworks */,
				D7065A6D2763E46D005A8AA8 /* Resources */,
			);
			buildRules = (
			);
			dependencies = (
				D7065A712763E46D005A8AA8 /* PBXTargetDependency */,
			);
			name = "Tests iOS";
			productName = "Tests iOS";
			productReference = D7065A6F2763E46D005A8AA8 /* Tests iOS.xctest */;
			productType = "com.apple.product-type.bundle.ui-testing";
		};
		D7065A7A2763E46D005A8AA8 /* Tests macOS */ = {
			isa = PBXNativeTarget;
			buildConfigurationList = D7065A942763E46D005A8AA8 /* Build configuration list for PBXNativeTarget "Tests macOS" */;
			buildPhases = (
				D7065A772763E46D005A8AA8 /* Sources */,
				D7065A782763E46D005A8AA8 /* Frameworks */,
				D7065A792763E46D005A8AA8 /* Resources */,
			);
			buildRules = (
			);
			dependencies = (
				D7065A7D2763E46D005A8AA8 /* PBXTargetDependency */,
			);
			name = "Tests macOS";
			productName = "Tests macOS";
			productReference = D7065A7B2763E46D005A8AA8 /* Tests macOS.xctest */;
			productType = "com.apple.product-type.bundle.ui-testing";
		};
/* End PBXNativeTarget section */

/* Begin PBXProject section */
		D7065A562763E46B005A8AA8 /* Project object */ = {
			isa = PBXProject;
			attributes = {
				BuildIndependentTargetsInParallel = 1;
				LastSwiftUpdateCheck = 1310;
				LastUpgradeCheck = 1310;
				TargetAttributes = {
					D7065A612763E46D005A8AA8 = {
						CreatedOnToolsVersion = 13.1;
					};
					D7065A672763E46D005A8AA8 = {
						CreatedOnToolsVersion = 13.1;
					};
					D7065A6E2763E46D005A8AA8 = {
						CreatedOnToolsVersion = 13.1;
						TestTargetID = D7065A612763E46D005A8AA8;
					};
					D7065A7A2763E46D005A8AA8 = {
						CreatedOnToolsVersion = 13.1;
						TestTargetID = D7065A672763E46D005A8AA8;
					};
				};
			};
			buildConfigurationList = D7065A592763E46B005A8AA8 /* Build configuration list for PBXProject "UnicoCampania" */;
			compatibilityVersion = "Xcode 13.0";
			developmentRegion = en;
			hasScannedForEncodings = 0;
			knownRegions = (
				en,
				Base,
			);
			mainGroup = D7065A552763E46B005A8AA8;
			productRefGroup = D7065A632763E46D005A8AA8 /* Products */;
			projectDirPath = "";
			projectRoot = "";
			targets = (
				D7065A612763E46D005A8AA8 /* UnicoCampania (iOS) */,
				D7065A672763E46D005A8AA8 /* UnicoCampania (macOS) */,
				D7065A6E2763E46D005A8AA8 /* Tests iOS */,
				D7065A7A2763E46D005A8AA8 /* Tests macOS */,
			);
		};
/* End PBXProject section */

/* Begin PBXResourcesBuildPhase section */
		D7065A602763E46D005A8AA8 /* Resources */ = {
			isa = PBXResourcesBuildPhase;
			buildActionMask = 2147483647;
			files = (
				D7065A872763E46D005A8AA8 /* Assets.xcassets in Resources */,
				D7065A982763EBD6005A8AA8 /* Color.xcassets in Resources */,
				D724744827656808009A27F6 /* SF-Pro-Text-Regular.otf in Resources */,
				D7247444276565B9009A27F6 /* SF-Pro-Text-Bold.otf in Resources */,
			);
			runOnlyForDeploymentPostprocessing = 0;
		};
		D7065A662763E46D005A8AA8 /* Resources */ = {
			isa = PBXResourcesBuildPhase;
			buildActionMask = 2147483647;
			files = (
				D7065A882763E46D005A8AA8 /* Assets.xcassets in Resources */,
				D7065A992763EBD6005A8AA8 /* Color.xcassets in Resources */,
				D724744927656808009A27F6 /* SF-Pro-Text-Regular.otf in Resources */,
				D7247445276565B9009A27F6 /* SF-Pro-Text-Bold.otf in Resources */,
			);
			runOnlyForDeploymentPostprocessing = 0;
		};
		D7065A6D2763E46D005A8AA8 /* Resources */ = {
			isa = PBXResourcesBuildPhase;
			buildActionMask = 2147483647;
			files = (
				D724744A276568FD009A27F6 /* SF-Pro-Text-Regular.otf in Resources */,
			);
			runOnlyForDeploymentPostprocessing = 0;
		};
		D7065A792763E46D005A8AA8 /* Resources */ = {
			isa = PBXResourcesBuildPhase;
			buildActionMask = 2147483647;
			files = (
				D724744B276568FD009A27F6 /* SF-Pro-Text-Regular.otf in Resources */,
			);
			runOnlyForDeploymentPostprocessing = 0;
		};
/* End PBXResourcesBuildPhase section */

/* Begin PBXSourcesBuildPhase section */
		D7065A5E2763E46D005A8AA8 /* Sources */ = {
			isa = PBXSourcesBuildPhase;
			buildActionMask = 2147483647;
			files = (
				D724744D2765FC32009A27F6 /* ActiveTicketsView.swift in Sources */,
				D724743D27653093009A27F6 /* TicketsView.swift in Sources */,
				D7065AA42763F446005A8AA8 /* Extension.swift in Sources */,
				D7A0E9982767E60700B19DC2 /* UnicoCampaniaViewModel.swift in Sources */,
				D72474502765FFBC009A27F6 /* InactiveTicketsView.swift in Sources */,
				D7065AAC2764BC27005A8AA8 /* RoundedCornersShape.swift in Sources */,
				D7A0E99E27680EFE00B19DC2 /* TabsView.swift in Sources */,
				D7065A832763E46D005A8AA8 /* UnicoCampaniaApp.swift in Sources */,
				D7648B10276B7B17007D5AE2 /* FullInactiveTicketCardView.swift in Sources */,
				D7065A9E2763F009005A8AA8 /* UnicoCampania.swift in Sources */,
				D7F315A62769FE7900855171 /* TicketCard.swift in Sources */,
				D72474542766111F009A27F6 /* FullActiveTicketCardView.swift in Sources */,
			);
			runOnlyForDeploymentPostprocessing = 0;
		};
		D7065A642763E46D005A8AA8 /* Sources */ = {
			isa = PBXSourcesBuildPhase;
			buildActionMask = 2147483647;
			files = (
				D724744E2765FC32009A27F6 /* ActiveTicketsView.swift in Sources */,
				D724743E27653093009A27F6 /* TicketsView.swift in Sources */,
				D7065AA52763F446005A8AA8 /* Extension.swift in Sources */,
				D7A0E9992767E60700B19DC2 /* UnicoCampaniaViewModel.swift in Sources */,
				D72474512765FFBC009A27F6 /* InactiveTicketsView.swift in Sources */,
				D7065AAD2764BC27005A8AA8 /* RoundedCornersShape.swift in Sources */,
				D7A0E99F27680EFE00B19DC2 /* TabsView.swift in Sources */,
				D7065A842763E46D005A8AA8 /* UnicoCampaniaApp.swift in Sources */,
				D7648B11276B7B17007D5AE2 /* FullInactiveTicketCardView.swift in Sources */,
				D7065A9F2763F009005A8AA8 /* UnicoCampania.swift in Sources */,
				D7F315A72769FE7900855171 /* TicketCard.swift in Sources */,
				D72474552766111F009A27F6 /* FullActiveTicketCardView.swift in Sources */,
			);
			runOnlyForDeploymentPostprocessing = 0;
		};
		D7065A6B2763E46D005A8AA8 /* Sources */ = {
			isa = PBXSourcesBuildPhase;
			buildActionMask = 2147483647;
			files = (
				D7065A762763E46D005A8AA8 /* Tests_iOSLaunchTests.swift in Sources */,
				D7065A742763E46D005A8AA8 /* Tests_iOS.swift in Sources */,
			);
			runOnlyForDeploymentPostprocessing = 0;
		};
		D7065A772763E46D005A8AA8 /* Sources */ = {
			isa = PBXSourcesBuildPhase;
			buildActionMask = 2147483647;
			files = (
				D7065A822763E46D005A8AA8 /* Tests_macOSLaunchTests.swift in Sources */,
				D7065A802763E46D005A8AA8 /* Tests_macOS.swift in Sources */,
			);
			runOnlyForDeploymentPostprocessing = 0;
		};
/* End PBXSourcesBuildPhase section */

/* Begin PBXTargetDependency section */
		D7065A712763E46D005A8AA8 /* PBXTargetDependency */ = {
			isa = PBXTargetDependency;
			target = D7065A612763E46D005A8AA8 /* UnicoCampania (iOS) */;
			targetProxy = D7065A702763E46D005A8AA8 /* PBXContainerItemProxy */;
		};
		D7065A7D2763E46D005A8AA8 /* PBXTargetDependency */ = {
			isa = PBXTargetDependency;
			target = D7065A672763E46D005A8AA8 /* UnicoCampania (macOS) */;
			targetProxy = D7065A7C2763E46D005A8AA8 /* PBXContainerItemProxy */;
		};
/* End PBXTargetDependency section */

/* Begin XCBuildConfiguration section */
		D7065A892763E46D005A8AA8 /* Debug */ = {
			isa = XCBuildConfiguration;
			buildSettings = {
				ALWAYS_SEARCH_USER_PATHS = NO;
				CLANG_ANALYZER_NONNULL = YES;
				CLANG_ANALYZER_NUMBER_OBJECT_CONVERSION = YES_AGGRESSIVE;
				CLANG_CXX_LANGUAGE_STANDARD = "gnu++17";
				CLANG_CXX_LIBRARY = "libc++";
				CLANG_ENABLE_MODULES = YES;
				CLANG_ENABLE_OBJC_ARC = YES;
				CLANG_ENABLE_OBJC_WEAK = YES;
				CLANG_WARN_BLOCK_CAPTURE_AUTORELEASING = YES;
				CLANG_WARN_BOOL_CONVERSION = YES;
				CLANG_WARN_COMMA = YES;
				CLANG_WARN_CONSTANT_CONVERSION = YES;
				CLANG_WARN_DEPRECATED_OBJC_IMPLEMENTATIONS = YES;
				CLANG_WARN_DIRECT_OBJC_ISA_USAGE = YES_ERROR;
				CLANG_WARN_DOCUMENTATION_COMMENTS = YES;
				CLANG_WARN_EMPTY_BODY = YES;
				CLANG_WARN_ENUM_CONVERSION = YES;
				CLANG_WARN_INFINITE_RECURSION = YES;
				CLANG_WARN_INT_CONVERSION = YES;
				CLANG_WARN_NON_LITERAL_NULL_CONVERSION = YES;
				CLANG_WARN_OBJC_IMPLICIT_RETAIN_SELF = YES;
				CLANG_WARN_OBJC_LITERAL_CONVERSION = YES;
				CLANG_WARN_OBJC_ROOT_CLASS = YES_ERROR;
				CLANG_WARN_QUOTED_INCLUDE_IN_FRAMEWORK_HEADER = YES;
				CLANG_WARN_RANGE_LOOP_ANALYSIS = YES;
				CLANG_WARN_STRICT_PROTOTYPES = YES;
				CLANG_WARN_SUSPICIOUS_MOVE = YES;
				CLANG_WARN_UNGUARDED_AVAILABILITY = YES_AGGRESSIVE;
				CLANG_WARN_UNREACHABLE_CODE = YES;
				CLANG_WARN__DUPLICATE_METHOD_MATCH = YES;
				COPY_PHASE_STRIP = NO;
				DEBUG_INFORMATION_FORMAT = dwarf;
				ENABLE_STRICT_OBJC_MSGSEND = YES;
				ENABLE_TESTABILITY = YES;
				GCC_C_LANGUAGE_STANDARD = gnu11;
				GCC_DYNAMIC_NO_PIC = NO;
				GCC_NO_COMMON_BLOCKS = YES;
				GCC_OPTIMIZATION_LEVEL = 0;
				GCC_PREPROCESSOR_DEFINITIONS = (
					"DEBUG=1",
					"$(inherited)",
				);
				GCC_WARN_64_TO_32_BIT_CONVERSION = YES;
				GCC_WARN_ABOUT_RETURN_TYPE = YES_ERROR;
				GCC_WARN_UNDECLARED_SELECTOR = YES;
				GCC_WARN_UNINITIALIZED_AUTOS = YES_AGGRESSIVE;
				GCC_WARN_UNUSED_FUNCTION = YES;
				GCC_WARN_UNUSED_VARIABLE = YES;
				MTL_ENABLE_DEBUG_INFO = INCLUDE_SOURCE;
				MTL_FAST_MATH = YES;
				ONLY_ACTIVE_ARCH = YES;
				SWIFT_ACTIVE_COMPILATION_CONDITIONS = DEBUG;
				SWIFT_OPTIMIZATION_LEVEL = "-Onone";
			};
			name = Debug;
		};
		D7065A8A2763E46D005A8AA8 /* Release */ = {
			isa = XCBuildConfiguration;
			buildSettings = {
				ALWAYS_SEARCH_USER_PATHS = NO;
				CLANG_ANALYZER_NONNULL = YES;
				CLANG_ANALYZER_NUMBER_OBJECT_CONVERSION = YES_AGGRESSIVE;
				CLANG_CXX_LANGUAGE_STANDARD = "gnu++17";
				CLANG_CXX_LIBRARY = "libc++";
				CLANG_ENABLE_MODULES = YES;
				CLANG_ENABLE_OBJC_ARC = YES;
				CLANG_ENABLE_OBJC_WEAK = YES;
				CLANG_WARN_BLOCK_CAPTURE_AUTORELEASING = YES;
				CLANG_WARN_BOOL_CONVERSION = YES;
				CLANG_WARN_COMMA = YES;
				CLANG_WARN_CONSTANT_CONVERSION = YES;
				CLANG_WARN_DEPRECATED_OBJC_IMPLEMENTATIONS = YES;
				CLANG_WARN_DIRECT_OBJC_ISA_USAGE = YES_ERROR;
				CLANG_WARN_DOCUMENTATION_COMMENTS = YES;
				CLANG_WARN_EMPTY_BODY = YES;
				CLANG_WARN_ENUM_CONVERSION = YES;
				CLANG_WARN_INFINITE_RECURSION = YES;
				CLANG_WARN_INT_CONVERSION = YES;
				CLANG_WARN_NON_LITERAL_NULL_CONVERSION = YES;
				CLANG_WARN_OBJC_IMPLICIT_RETAIN_SELF = YES;
				CLANG_WARN_OBJC_LITERAL_CONVERSION = YES;
				CLANG_WARN_OBJC_ROOT_CLASS = YES_ERROR;
				CLANG_WARN_QUOTED_INCLUDE_IN_FRAMEWORK_HEADER = YES;
				CLANG_WARN_RANGE_LOOP_ANALYSIS = YES;
				CLANG_WARN_STRICT_PROTOTYPES = YES;
				CLANG_WARN_SUSPICIOUS_MOVE = YES;
				CLANG_WARN_UNGUARDED_AVAILABILITY = YES_AGGRESSIVE;
				CLANG_WARN_UNREACHABLE_CODE = YES;
				CLANG_WARN__DUPLICATE_METHOD_MATCH = YES;
				COPY_PHASE_STRIP = NO;
				DEBUG_INFORMATION_FORMAT = "dwarf-with-dsym";
				ENABLE_NS_ASSERTIONS = NO;
				ENABLE_STRICT_OBJC_MSGSEND = YES;
				GCC_C_LANGUAGE_STANDARD = gnu11;
				GCC_NO_COMMON_BLOCKS = YES;
				GCC_WARN_64_TO_32_BIT_CONVERSION = YES;
				GCC_WARN_ABOUT_RETURN_TYPE = YES_ERROR;
				GCC_WARN_UNDECLARED_SELECTOR = YES;
				GCC_WARN_UNINITIALIZED_AUTOS = YES_AGGRESSIVE;
				GCC_WARN_UNUSED_FUNCTION = YES;
				GCC_WARN_UNUSED_VARIABLE = YES;
				MTL_ENABLE_DEBUG_INFO = NO;
				MTL_FAST_MATH = YES;
				SWIFT_COMPILATION_MODE = wholemodule;
				SWIFT_OPTIMIZATION_LEVEL = "-O";
			};
			name = Release;
		};
		D7065A8C2763E46D005A8AA8 /* Debug */ = {
			isa = XCBuildConfiguration;
			buildSettings = {
				ASSETCATALOG_COMPILER_APPICON_NAME = AppIcon;
				ASSETCATALOG_COMPILER_GLOBAL_ACCENT_COLOR_NAME = AccentColor;
				CODE_SIGN_STYLE = Automatic;
				CURRENT_PROJECT_VERSION = 1;
				DEVELOPMENT_TEAM = 2JCZWJ4U5A;
				ENABLE_PREVIEWS = YES;
				GENERATE_INFOPLIST_FILE = YES;
				INFOPLIST_FILE = "UnicoCampania--iOS--Info.plist";
				INFOPLIST_KEY_UIApplicationSceneManifest_Generation = YES;
				INFOPLIST_KEY_UIApplicationSupportsIndirectInputEvents = YES;
				INFOPLIST_KEY_UILaunchScreen_Generation = YES;
				INFOPLIST_KEY_UISupportedInterfaceOrientations_iPad = "UIInterfaceOrientationPortrait UIInterfaceOrientationPortraitUpsideDown UIInterfaceOrientationLandscapeLeft UIInterfaceOrientationLandscapeRight";
				INFOPLIST_KEY_UISupportedInterfaceOrientations_iPhone = "UIInterfaceOrientationPortrait UIInterfaceOrientationLandscapeLeft UIInterfaceOrientationLandscapeRight";
				IPHONEOS_DEPLOYMENT_TARGET = 15.0;
				LD_RUNPATH_SEARCH_PATHS = (
					"$(inherited)",
					"@executable_path/Frameworks",
				);
				MARKETING_VERSION = 1.0;
				PRODUCT_BUNDLE_IDENTIFIER = com.DavideBiancardi.UnicoCampania;
				PRODUCT_NAME = UnicoCampania;
				SDKROOT = iphoneos;
				SWIFT_EMIT_LOC_STRINGS = YES;
				SWIFT_VERSION = 5.0;
				TARGETED_DEVICE_FAMILY = "1,2";
			};
			name = Debug;
		};
		D7065A8D2763E46D005A8AA8 /* Release */ = {
			isa = XCBuildConfiguration;
			buildSettings = {
				ASSETCATALOG_COMPILER_APPICON_NAME = AppIcon;
				ASSETCATALOG_COMPILER_GLOBAL_ACCENT_COLOR_NAME = AccentColor;
				CODE_SIGN_STYLE = Automatic;
				CURRENT_PROJECT_VERSION = 1;
				DEVELOPMENT_TEAM = 2JCZWJ4U5A;
				ENABLE_PREVIEWS = YES;
				GENERATE_INFOPLIST_FILE = YES;
				INFOPLIST_FILE = "UnicoCampania--iOS--Info.plist";
				INFOPLIST_KEY_UIApplicationSceneManifest_Generation = YES;
				INFOPLIST_KEY_UIApplicationSupportsIndirectInputEvents = YES;
				INFOPLIST_KEY_UILaunchScreen_Generation = YES;
				INFOPLIST_KEY_UISupportedInterfaceOrientations_iPad = "UIInterfaceOrientationPortrait UIInterfaceOrientationPortraitUpsideDown UIInterfaceOrientationLandscapeLeft UIInterfaceOrientationLandscapeRight";
				INFOPLIST_KEY_UISupportedInterfaceOrientations_iPhone = "UIInterfaceOrientationPortrait UIInterfaceOrientationLandscapeLeft UIInterfaceOrientationLandscapeRight";
				IPHONEOS_DEPLOYMENT_TARGET = 15.0;
				LD_RUNPATH_SEARCH_PATHS = (
					"$(inherited)",
					"@executable_path/Frameworks",
				);
				MARKETING_VERSION = 1.0;
				PRODUCT_BUNDLE_IDENTIFIER = com.DavideBiancardi.UnicoCampania;
				PRODUCT_NAME = UnicoCampania;
				SDKROOT = iphoneos;
				SWIFT_EMIT_LOC_STRINGS = YES;
				SWIFT_VERSION = 5.0;
				TARGETED_DEVICE_FAMILY = "1,2";
				VALIDATE_PRODUCT = YES;
			};
			name = Release;
		};
		D7065A8F2763E46D005A8AA8 /* Debug */ = {
			isa = XCBuildConfiguration;
			buildSettings = {
				ASSETCATALOG_COMPILER_APPICON_NAME = AppIcon;
				ASSETCATALOG_COMPILER_GLOBAL_ACCENT_COLOR_NAME = AccentColor;
				CODE_SIGN_ENTITLEMENTS = macOS/macOS.entitlements;
				CODE_SIGN_STYLE = Automatic;
				COMBINE_HIDPI_IMAGES = YES;
				CURRENT_PROJECT_VERSION = 1;
				DEVELOPMENT_TEAM = 2JCZWJ4U5A;
				ENABLE_HARDENED_RUNTIME = YES;
				ENABLE_PREVIEWS = YES;
				GENERATE_INFOPLIST_FILE = YES;
				INFOPLIST_KEY_NSHumanReadableCopyright = "";
				LD_RUNPATH_SEARCH_PATHS = (
					"$(inherited)",
					"@executable_path/../Frameworks",
				);
				MACOSX_DEPLOYMENT_TARGET = 12.0;
				MARKETING_VERSION = 1.0;
				PRODUCT_BUNDLE_IDENTIFIER = com.DavideBiancardi.UnicoCampania;
				PRODUCT_NAME = UnicoCampania;
				SDKROOT = macosx;
				SWIFT_EMIT_LOC_STRINGS = YES;
				SWIFT_VERSION = 5.0;
			};
			name = Debug;
		};
		D7065A902763E46D005A8AA8 /* Release */ = {
			isa = XCBuildConfiguration;
			buildSettings = {
				ASSETCATALOG_COMPILER_APPICON_NAME = AppIcon;
				ASSETCATALOG_COMPILER_GLOBAL_ACCENT_COLOR_NAME = AccentColor;
				CODE_SIGN_ENTITLEMENTS = macOS/macOS.entitlements;
				CODE_SIGN_STYLE = Automatic;
				COMBINE_HIDPI_IMAGES = YES;
				CURRENT_PROJECT_VERSION = 1;
				DEVELOPMENT_TEAM = 2JCZWJ4U5A;
				ENABLE_HARDENED_RUNTIME = YES;
				ENABLE_PREVIEWS = YES;
				GENERATE_INFOPLIST_FILE = YES;
				INFOPLIST_KEY_NSHumanReadableCopyright = "";
				LD_RUNPATH_SEARCH_PATHS = (
					"$(inherited)",
					"@executable_path/../Frameworks",
				);
				MACOSX_DEPLOYMENT_TARGET = 12.0;
				MARKETING_VERSION = 1.0;
				PRODUCT_BUNDLE_IDENTIFIER = com.DavideBiancardi.UnicoCampania;
				PRODUCT_NAME = UnicoCampania;
				SDKROOT = macosx;
				SWIFT_EMIT_LOC_STRINGS = YES;
				SWIFT_VERSION = 5.0;
			};
			name = Release;
		};
		D7065A922763E46D005A8AA8 /* Debug */ = {
			isa = XCBuildConfiguration;
			buildSettings = {
				ALWAYS_EMBED_SWIFT_STANDARD_LIBRARIES = YES;
				CODE_SIGN_STYLE = Automatic;
				CURRENT_PROJECT_VERSION = 1;
				DEVELOPMENT_TEAM = 2JCZWJ4U5A;
				GENERATE_INFOPLIST_FILE = YES;
				IPHONEOS_DEPLOYMENT_TARGET = 15.0;
				LD_RUNPATH_SEARCH_PATHS = (
					"$(inherited)",
					"@executable_path/Frameworks",
					"@loader_path/Frameworks",
				);
				MARKETING_VERSION = 1.0;
				PRODUCT_BUNDLE_IDENTIFIER = "com.DavideBiancardi.Tests-iOS";
				PRODUCT_NAME = "$(TARGET_NAME)";
				SDKROOT = iphoneos;
				SWIFT_EMIT_LOC_STRINGS = NO;
				SWIFT_VERSION = 5.0;
				TARGETED_DEVICE_FAMILY = "1,2";
				TEST_TARGET_NAME = "UnicoCampania (iOS)";
			};
			name = Debug;
		};
		D7065A932763E46D005A8AA8 /* Release */ = {
			isa = XCBuildConfiguration;
			buildSettings = {
				ALWAYS_EMBED_SWIFT_STANDARD_LIBRARIES = YES;
				CODE_SIGN_STYLE = Automatic;
				CURRENT_PROJECT_VERSION = 1;
				DEVELOPMENT_TEAM = 2JCZWJ4U5A;
				GENERATE_INFOPLIST_FILE = YES;
				IPHONEOS_DEPLOYMENT_TARGET = 15.0;
				LD_RUNPATH_SEARCH_PATHS = (
					"$(inherited)",
					"@executable_path/Frameworks",
					"@loader_path/Frameworks",
				);
				MARKETING_VERSION = 1.0;
				PRODUCT_BUNDLE_IDENTIFIER = "com.DavideBiancardi.Tests-iOS";
				PRODUCT_NAME = "$(TARGET_NAME)";
				SDKROOT = iphoneos;
				SWIFT_EMIT_LOC_STRINGS = NO;
				SWIFT_VERSION = 5.0;
				TARGETED_DEVICE_FAMILY = "1,2";
				TEST_TARGET_NAME = "UnicoCampania (iOS)";
				VALIDATE_PRODUCT = YES;
			};
			name = Release;
		};
		D7065A952763E46D005A8AA8 /* Debug */ = {
			isa = XCBuildConfiguration;
			buildSettings = {
				ALWAYS_EMBED_SWIFT_STANDARD_LIBRARIES = YES;
				CODE_SIGN_STYLE = Automatic;
				COMBINE_HIDPI_IMAGES = YES;
				CURRENT_PROJECT_VERSION = 1;
				DEVELOPMENT_TEAM = 2JCZWJ4U5A;
				GENERATE_INFOPLIST_FILE = YES;
				LD_RUNPATH_SEARCH_PATHS = (
					"$(inherited)",
					"@executable_path/../Frameworks",
					"@loader_path/../Frameworks",
				);
				MACOSX_DEPLOYMENT_TARGET = 12.0;
				MARKETING_VERSION = 1.0;
				PRODUCT_BUNDLE_IDENTIFIER = "com.DavideBiancardi.Tests-macOS";
				PRODUCT_NAME = "$(TARGET_NAME)";
				SDKROOT = macosx;
				SWIFT_EMIT_LOC_STRINGS = NO;
				SWIFT_VERSION = 5.0;
				TEST_TARGET_NAME = "UnicoCampania (macOS)";
			};
			name = Debug;
		};
		D7065A962763E46D005A8AA8 /* Release */ = {
			isa = XCBuildConfiguration;
			buildSettings = {
				ALWAYS_EMBED_SWIFT_STANDARD_LIBRARIES = YES;
				CODE_SIGN_STYLE = Automatic;
				COMBINE_HIDPI_IMAGES = YES;
				CURRENT_PROJECT_VERSION = 1;
				DEVELOPMENT_TEAM = 2JCZWJ4U5A;
				GENERATE_INFOPLIST_FILE = YES;
				LD_RUNPATH_SEARCH_PATHS = (
					"$(inherited)",
					"@executable_path/../Frameworks",
					"@loader_path/../Frameworks",
				);
				MACOSX_DEPLOYMENT_TARGET = 12.0;
				MARKETING_VERSION = 1.0;
				PRODUCT_BUNDLE_IDENTIFIER = "com.DavideBiancardi.Tests-macOS";
				PRODUCT_NAME = "$(TARGET_NAME)";
				SDKROOT = macosx;
				SWIFT_EMIT_LOC_STRINGS = NO;
				SWIFT_VERSION = 5.0;
				TEST_TARGET_NAME = "UnicoCampania (macOS)";
			};
			name = Release;
		};
/* End XCBuildConfiguration section */

/* Begin XCConfigurationList section */
		D7065A592763E46B005A8AA8 /* Build configuration list for PBXProject "UnicoCampania" */ = {
			isa = XCConfigurationList;
			buildConfigurations = (
				D7065A892763E46D005A8AA8 /* Debug */,
				D7065A8A2763E46D005A8AA8 /* Release */,
			);
			defaultConfigurationIsVisible = 0;
			defaultConfigurationName = Release;
		};
		D7065A8B2763E46D005A8AA8 /* Build configuration list for PBXNativeTarget "UnicoCampania (iOS)" */ = {
			isa = XCConfigurationList;
			buildConfigurations = (
				D7065A8C2763E46D005A8AA8 /* Debug */,
				D7065A8D2763E46D005A8AA8 /* Release */,
			);
			defaultConfigurationIsVisible = 0;
			defaultConfigurationName = Release;
		};
		D7065A8E2763E46D005A8AA8 /* Build configuration list for PBXNativeTarget "UnicoCampania (macOS)" */ = {
			isa = XCConfigurationList;
			buildConfigurations = (
				D7065A8F2763E46D005A8AA8 /* Debug */,
				D7065A902763E46D005A8AA8 /* Release */,
			);
			defaultConfigurationIsVisible = 0;
			defaultConfigurationName = Release;
		};
		D7065A912763E46D005A8AA8 /* Build configuration list for PBXNativeTarget "Tests iOS" */ = {
			isa = XCConfigurationList;
			buildConfigurations = (
				D7065A922763E46D005A8AA8 /* Debug */,
				D7065A932763E46D005A8AA8 /* Release */,
			);
			defaultConfigurationIsVisible = 0;
			defaultConfigurationName = Release;
		};
		D7065A942763E46D005A8AA8 /* Build configuration list for PBXNativeTarget "Tests macOS" */ = {
			isa = XCConfigurationList;
			buildConfigurations = (
				D7065A952763E46D005A8AA8 /* Debug */,
				D7065A962763E46D005A8AA8 /* Release */,
			);
			defaultConfigurationIsVisible = 0;
			defaultConfigurationName = Release;
		};
/* End XCConfigurationList section */
	};
	rootObject = D7065A562763E46B005A8AA8 /* Project object */;
}
